
Microsoft Visual Studio Solution File, Format Version 12.00
# Visual Studio Version 17
VisualStudioVersion = 17.14.36109.1 d17.14
MinimumVisualStudioVersion = 10.0.40219.1
Project("{FAE04EC0-301F-11D3-BF4B-00C04F79EFBC}") = "BuildingBlocks", "BuildingBlocks\BuildingBlocks.csproj", "{8AC91450-06D1-409F-B43A-BA966ECBE7F9}"
EndProject
Project("{2150E333-8FDC-42A3-9474-1A3956D46DE8}") = "Services", "Services", "{02EA681E-C7D8-13C7-8484-4AC65E1B71E8}"
EndProject
Project("{2150E333-8FDC-42A3-9474-1A3956D46DE8}") = "ApiGateways", "ApiGateways", "{1F7765DF-05E3-4CF3-AAA3-8FCBA2CA9A9E}"
EndProject
Project("{2150E333-8FDC-42A3-9474-1A3956D46DE8}") = "Infrastructure", "Infrastructure", "{45E6B2D8-87BB-4CDD-9E9A-B651F6B06712}"
EndProject
Project("{2150E333-8FDC-42A3-9474-1A3956D46DE8}") = "IdentityServer", "IdentityServer", "{A517BDDB-660A-4C75-9057-6E5E69FD9D56}"
EndProject
Project("{2150E333-8FDC-42A3-9474-1A3956D46DE8}") = "MessageBroker", "MessageBroker", "{C4C30435-C7D2-4B87-95D6-768631372D51}"
EndProject
Project("{2150E333-8FDC-42A3-9474-1A3956D46DE8}") = "Monitoring", "Monitoring", "{938071CD-2B5C-4BDA-BCCE-3D284E2EB51F}"
EndProject
Project("{2150E333-8FDC-42A3-9474-1A3956D46DE8}") = "Prometheus", "Prometheus", "{33CC704A-DE4B-4357-AA30-5D7E6F759CCF}"
EndProject
Project("{2150E333-8FDC-42A3-9474-1A3956D46DE8}") = "Grafana", "Grafana", "{620C3F1D-4404-4ADF-B02E-701B76DA4214}"
EndProject
Project("{2150E333-8FDC-42A3-9474-1A3956D46DE8}") = "Jaeger", "Jaeger", "{17001C45-437E-4A58-8AAA-AEED759520F6}"
EndProject
Project("{2150E333-8FDC-42A3-9474-1A3956D46DE8}") = "Serilog", "Serilog", "{87A52AA7-929C-4066-BC97-ECC9BE07CF3F}"
EndProject
Project("{2150E333-8FDC-42A3-9474-1A3956D46DE8}") = "DevOps", "DevOps", "{4FDFE0C4-6AAC-4397-BE4E-259913DC5EF8}"
EndProject
Project("{2150E333-8FDC-42A3-9474-1A3956D46DE8}") = "Docker", "Docker", "{BA1204F9-C69E-44B2-AC6B-00D4D46FD23D}"
EndProject
Project("{2150E333-8FDC-42A3-9474-1A3956D46DE8}") = "Kubernetes", "Kubernetes", "{EA56C8F4-EF03-40D2-A988-FBFBAD4BAC36}"
EndProject
Project("{2150E333-8FDC-42A3-9474-1A3956D46DE8}") = "Helm", "Helm", "{597F91EA-4A58-4D01-A619-81E93C5B382E}"
EndProject
Project("{2150E333-8FDC-42A3-9474-1A3956D46DE8}") = "Tests", "Tests", "{5E5394E9-EE0C-4B30-98B6-37A4161CAFAE}"
EndProject
Project("{2150E333-8FDC-42A3-9474-1A3956D46DE8}") = "IntegrationTests", "IntegrationTests", "{D1F18186-F4D6-4137-A260-A6A4DBDF6A89}"
EndProject
Project("{2150E333-8FDC-42A3-9474-1A3956D46DE8}") = "ConsumerTests", "ConsumerTests", "{1012032E-6053-4129-8E12-7ACC677EF535}"
EndProject
Project("{2150E333-8FDC-42A3-9474-1A3956D46DE8}") = "ContainerTests", "ContainerTests", "{F82D8AEF-E8C2-4E57-AFC1-AFAEE79B322E}"
EndProject
Project("{2150E333-8FDC-42A3-9474-1A3956D46DE8}") = "EndToEnd", "EndToEnd", "{275B9A37-704D-43DA-934D-A4E3E0289E8B}"
EndProject
Project("{2150E333-8FDC-42A3-9474-1A3956D46DE8}") = "Solution Items", "Solution Items", "{8EC462FD-D22E-90A8-E5CE-7E832BA40C5D}"
	ProjectSection(SolutionItems) = preProject
		docker-compose.yml = docker-compose.yml
	EndProjectSection
EndProject
Global
	GlobalSection(SolutionConfigurationPlatforms) = preSolution
		Debug|Any CPU = Debug|Any CPU
		Release|Any CPU = Release|Any CPU
	EndGlobalSection
	GlobalSection(ProjectConfigurationPlatforms) = postSolution
		{8AC91450-06D1-409F-B43A-BA966ECBE7F9}.Debug|Any CPU.ActiveCfg = Debug|Any CPU
		{8AC91450-06D1-409F-B43A-BA966ECBE7F9}.Debug|Any CPU.Build.0 = Debug|Any CPU
		{8AC91450-06D1-409F-B43A-BA966ECBE7F9}.Release|Any CPU.ActiveCfg = Release|Any CPU
		{8AC91450-06D1-409F-B43A-BA966ECBE7F9}.Release|Any CPU.Build.0 = Release|Any CPU
	EndGlobalSection
	GlobalSection(SolutionProperties) = preSolution
		HideSolutionNode = FALSE
	EndGlobalSection
	GlobalSection(NestedProjects) = preSolution
		{A517BDDB-660A-4C75-9057-6E5E69FD9D56} = {45E6B2D8-87BB-4CDD-9E9A-B651F6B06712}
		{C4C30435-C7D2-4B87-95D6-768631372D51} = {45E6B2D8-87BB-4CDD-9E9A-B651F6B06712}
		{33CC704A-DE4B-4357-AA30-5D7E6F759CCF} = {938071CD-2B5C-4BDA-BCCE-3D284E2EB51F}
		{620C3F1D-4404-4ADF-B02E-701B76DA4214} = {938071CD-2B5C-4BDA-BCCE-3D284E2EB51F}
		{17001C45-437E-4A58-8AAA-AEED759520F6} = {938071CD-2B5C-4BDA-BCCE-3D284E2EB51F}
		{87A52AA7-929C-4066-BC97-ECC9BE07CF3F} = {938071CD-2B5C-4BDA-BCCE-3D284E2EB51F}
		{BA1204F9-C69E-44B2-AC6B-00D4D46FD23D} = {4FDFE0C4-6AAC-4397-BE4E-259913DC5EF8}
		{EA56C8F4-EF03-40D2-A988-FBFBAD4BAC36} = {4FDFE0C4-6AAC-4397-BE4E-259913DC5EF8}
		{597F91EA-4A58-4D01-A619-81E93C5B382E} = {4FDFE0C4-6AAC-4397-BE4E-259913DC5EF8}
		{D1F18186-F4D6-4137-A260-A6A4DBDF6A89} = {5E5394E9-EE0C-4B30-98B6-37A4161CAFAE}
		{1012032E-6053-4129-8E12-7ACC677EF535} = {5E5394E9-EE0C-4B30-98B6-37A4161CAFAE}
		{F82D8AEF-E8C2-4E57-AFC1-AFAEE79B322E} = {5E5394E9-EE0C-4B30-98B6-37A4161CAFAE}
		{275B9A37-704D-43DA-934D-A4E3E0289E8B} = {5E5394E9-EE0C-4B30-98B6-37A4161CAFAE}
	EndGlobalSection
	GlobalSection(ExtensibilityGlobals) = postSolution
		SolutionGuid = {C6DB17EC-56CF-4308-9A6A-B9E0560CA922}
	EndGlobalSection
EndGlobal
